
Microsoft Visual Studio Solution File, Format Version 12.00
# Visual Studio Version 17
VisualStudioVersion = 17.0.32126.317
MinimumVisualStudioVersion = 10.0.40219.1
Project("{FAE04EC0-301F-11D3-BF4B-00C04F79EFBC}") = "VarEx1", "VarEx1\VarEx1.csproj", "{1CAA636E-67C9-4116-8AA3-91957EB05115}"
EndProject
Global
	GlobalSection(SolutionConfigurationPlatforms) = preSolution
		Debug|Any CPU = Debug|Any CPU
		Release|Any CPU = Release|Any CPU
	EndGlobalSection
	GlobalSection(ProjectConfigurationPlatforms) = postSolution
		{1CAA636E-67C9-4116-8AA3-91957EB05115}.Debug|Any CPU.ActiveCfg = Debug|Any CPU
		{1CAA636E-67C9-4116-8AA3-91957EB05115}.Debug|Any CPU.Build.0 = Debug|Any CPU
		{1CAA636E-67C9-4116-8AA3-91957EB05115}.Release|Any CPU.ActiveCfg = Release|Any CPU
		{1CAA636E-67C9-4116-8AA3-91957EB05115}.Release|Any CPU.Build.0 = Release|Any CPU
	EndGlobalSection
	GlobalSection(SolutionProperties) = preSolution
		HideSolutionNode = FALSE
	EndGlobalSection
	GlobalSection(ExtensibilityGlobals) = postSolution
		SolutionGuid = {CBAD4F5F-5FDD-40F0-BE53-18091E63F5B8}
	EndGlobalSection
EndGlobal
