
Microsoft Visual Studio Solution File, Format Version 12.00
# Visual Studio Version 17
VisualStudioVersion = 17.0.32126.317
MinimumVisualStudioVersion = 10.0.40219.1
Project("{FAE04EC0-301F-11D3-BF4B-00C04F79EFBC}") = "EventArray", "EventArray\EventArray.csproj", "{023F6F8C-4D47-4A90-A7A5-1E4CD1C7C1E6}"
EndProject
Global
	GlobalSection(SolutionConfigurationPlatforms) = preSolution
		Debug|Any CPU = Debug|Any CPU
		Release|Any CPU = Release|Any CPU
	EndGlobalSection
	GlobalSection(ProjectConfigurationPlatforms) = postSolution
		{023F6F8C-4D47-4A90-A7A5-1E4CD1C7C1E6}.Debug|Any CPU.ActiveCfg = Debug|Any CPU
		{023F6F8C-4D47-4A90-A7A5-1E4CD1C7C1E6}.Debug|Any CPU.Build.0 = Debug|Any CPU
		{023F6F8C-4D47-4A90-A7A5-1E4CD1C7C1E6}.Release|Any CPU.ActiveCfg = Release|Any CPU
		{023F6F8C-4D47-4A90-A7A5-1E4CD1C7C1E6}.Release|Any CPU.Build.0 = Release|Any CPU
	EndGlobalSection
	GlobalSection(SolutionProperties) = preSolution
		HideSolutionNode = FALSE
	EndGlobalSection
	GlobalSection(ExtensibilityGlobals) = postSolution
		SolutionGuid = {6CA57914-2E9D-4042-90B1-B9BEF3B9607A}
	EndGlobalSection
EndGlobal
