
Microsoft Visual Studio Solution File, Format Version 12.00
# Visual Studio Version 17
VisualStudioVersion = 17.0.32126.317
MinimumVisualStudioVersion = 10.0.40219.1
Project("{FAE04EC0-301F-11D3-BF4B-00C04F79EFBC}") = "NullableEx3", "NullableEx3\NullableEx3.csproj", "{757F3046-D9C5-4B9B-8855-6AFE8124EF0F}"
EndProject
Global
	GlobalSection(SolutionConfigurationPlatforms) = preSolution
		Debug|Any CPU = Debug|Any CPU
		Release|Any CPU = Release|Any CPU
	EndGlobalSection
	GlobalSection(ProjectConfigurationPlatforms) = postSolution
		{757F3046-D9C5-4B9B-8855-6AFE8124EF0F}.Debug|Any CPU.ActiveCfg = Debug|Any CPU
		{757F3046-D9C5-4B9B-8855-6AFE8124EF0F}.Debug|Any CPU.Build.0 = Debug|Any CPU
		{757F3046-D9C5-4B9B-8855-6AFE8124EF0F}.Release|Any CPU.ActiveCfg = Release|Any CPU
		{757F3046-D9C5-4B9B-8855-6AFE8124EF0F}.Release|Any CPU.Build.0 = Release|Any CPU
	EndGlobalSection
	GlobalSection(SolutionProperties) = preSolution
		HideSolutionNode = FALSE
	EndGlobalSection
	GlobalSection(ExtensibilityGlobals) = postSolution
		SolutionGuid = {B6554B87-9B85-4390-BAB5-02E9C8928199}
	EndGlobalSection
EndGlobal
