
Microsoft Visual Studio Solution File, Format Version 12.00
# Visual Studio Version 17
VisualStudioVersion = 17.0.32126.317
MinimumVisualStudioVersion = 10.0.40219.1
Project("{FAE04EC0-301F-11D3-BF4B-00C04F79EFBC}") = "InterfaceConcept", "InterfaceConcept\InterfaceConcept.csproj", "{86468DA9-0E0C-4C49-9040-5B6FE2B42334}"
EndProject
Global
	GlobalSection(SolutionConfigurationPlatforms) = preSolution
		Debug|Any CPU = Debug|Any CPU
		Release|Any CPU = Release|Any CPU
	EndGlobalSection
	GlobalSection(ProjectConfigurationPlatforms) = postSolution
		{86468DA9-0E0C-4C49-9040-5B6FE2B42334}.Debug|Any CPU.ActiveCfg = Debug|Any CPU
		{86468DA9-0E0C-4C49-9040-5B6FE2B42334}.Debug|Any CPU.Build.0 = Debug|Any CPU
		{86468DA9-0E0C-4C49-9040-5B6FE2B42334}.Release|Any CPU.ActiveCfg = Release|Any CPU
		{86468DA9-0E0C-4C49-9040-5B6FE2B42334}.Release|Any CPU.Build.0 = Release|Any CPU
	EndGlobalSection
	GlobalSection(SolutionProperties) = preSolution
		HideSolutionNode = FALSE
	EndGlobalSection
	GlobalSection(ExtensibilityGlobals) = postSolution
		SolutionGuid = {E370D2C1-9A31-4E86-A454-305C78A9B544}
	EndGlobalSection
EndGlobal
