
Microsoft Visual Studio Solution File, Format Version 12.00
# Visual Studio Version 17
VisualStudioVersion = 17.0.32126.317
MinimumVisualStudioVersion = 10.0.40219.1
Project("{FAE04EC0-301F-11D3-BF4B-00C04F79EFBC}") = "EvenSeries", "EvenSeries\EvenSeries.csproj", "{6032BD9F-6DE3-4DED-B3EC-9668536338BF}"
EndProject
Global
	GlobalSection(SolutionConfigurationPlatforms) = preSolution
		Debug|Any CPU = Debug|Any CPU
		Release|Any CPU = Release|Any CPU
	EndGlobalSection
	GlobalSection(ProjectConfigurationPlatforms) = postSolution
		{6032BD9F-6DE3-4DED-B3EC-9668536338BF}.Debug|Any CPU.ActiveCfg = Debug|Any CPU
		{6032BD9F-6DE3-4DED-B3EC-9668536338BF}.Debug|Any CPU.Build.0 = Debug|Any CPU
		{6032BD9F-6DE3-4DED-B3EC-9668536338BF}.Release|Any CPU.ActiveCfg = Release|Any CPU
		{6032BD9F-6DE3-4DED-B3EC-9668536338BF}.Release|Any CPU.Build.0 = Release|Any CPU
	EndGlobalSection
	GlobalSection(SolutionProperties) = preSolution
		HideSolutionNode = FALSE
	EndGlobalSection
	GlobalSection(ExtensibilityGlobals) = postSolution
		SolutionGuid = {B98159AE-E68A-4776-A5F7-CCE8E43E72D4}
	EndGlobalSection
EndGlobal
