
Microsoft Visual Studio Solution File, Format Version 12.00
# Visual Studio Version 17
VisualStudioVersion = 17.0.32126.317
MinimumVisualStudioVersion = 10.0.40219.1
Project("{FAE04EC0-301F-11D3-BF4B-00C04F79EFBC}") = "ArrayDemo2", "ArrayDemo2\ArrayDemo2.csproj", "{EB904B94-F059-4D08-B5CA-E9620E4B2C6A}"
EndProject
Global
	GlobalSection(SolutionConfigurationPlatforms) = preSolution
		Debug|Any CPU = Debug|Any CPU
		Release|Any CPU = Release|Any CPU
	EndGlobalSection
	GlobalSection(ProjectConfigurationPlatforms) = postSolution
		{EB904B94-F059-4D08-B5CA-E9620E4B2C6A}.Debug|Any CPU.ActiveCfg = Debug|Any CPU
		{EB904B94-F059-4D08-B5CA-E9620E4B2C6A}.Debug|Any CPU.Build.0 = Debug|Any CPU
		{EB904B94-F059-4D08-B5CA-E9620E4B2C6A}.Release|Any CPU.ActiveCfg = Release|Any CPU
		{EB904B94-F059-4D08-B5CA-E9620E4B2C6A}.Release|Any CPU.Build.0 = Release|Any CPU
	EndGlobalSection
	GlobalSection(SolutionProperties) = preSolution
		HideSolutionNode = FALSE
	EndGlobalSection
	GlobalSection(ExtensibilityGlobals) = postSolution
		SolutionGuid = {F83FA133-50BC-4285-B041-2F10347C37BF}
	EndGlobalSection
EndGlobal
