
Microsoft Visual Studio Solution File, Format Version 12.00
# Visual Studio Version 17
VisualStudioVersion = 17.0.32126.317
MinimumVisualStudioVersion = 10.0.40219.1
Project("{FAE04EC0-301F-11D3-BF4B-00C04F79EFBC}") = "BoxConcept", "BoxConcept\BoxConcept.csproj", "{FE067BE7-E524-4E77-A9AD-C71E98C565ED}"
EndProject
Global
	GlobalSection(SolutionConfigurationPlatforms) = preSolution
		Debug|Any CPU = Debug|Any CPU
		Release|Any CPU = Release|Any CPU
	EndGlobalSection
	GlobalSection(ProjectConfigurationPlatforms) = postSolution
		{FE067BE7-E524-4E77-A9AD-C71E98C565ED}.Debug|Any CPU.ActiveCfg = Debug|Any CPU
		{FE067BE7-E524-4E77-A9AD-C71E98C565ED}.Debug|Any CPU.Build.0 = Debug|Any CPU
		{FE067BE7-E524-4E77-A9AD-C71E98C565ED}.Release|Any CPU.ActiveCfg = Release|Any CPU
		{FE067BE7-E524-4E77-A9AD-C71E98C565ED}.Release|Any CPU.Build.0 = Release|Any CPU
	EndGlobalSection
	GlobalSection(SolutionProperties) = preSolution
		HideSolutionNode = FALSE
	EndGlobalSection
	GlobalSection(ExtensibilityGlobals) = postSolution
		SolutionGuid = {814E68DE-54D3-4085-A203-58B71C589127}
	EndGlobalSection
EndGlobal
