
Microsoft Visual Studio Solution File, Format Version 12.00
# Visual Studio Version 17
VisualStudioVersion = 17.0.32126.317
MinimumVisualStudioVersion = 10.0.40219.1
Project("{FAE04EC0-301F-11D3-BF4B-00C04F79EFBC}") = "SerializeConcept", "SerializeConcept\SerializeConcept.csproj", "{8AD827DA-CF0B-45D8-9338-81CD76488D1B}"
EndProject
Global
	GlobalSection(SolutionConfigurationPlatforms) = preSolution
		Debug|Any CPU = Debug|Any CPU
		Release|Any CPU = Release|Any CPU
	EndGlobalSection
	GlobalSection(ProjectConfigurationPlatforms) = postSolution
		{8AD827DA-CF0B-45D8-9338-81CD76488D1B}.Debug|Any CPU.ActiveCfg = Debug|Any CPU
		{8AD827DA-CF0B-45D8-9338-81CD76488D1B}.Debug|Any CPU.Build.0 = Debug|Any CPU
		{8AD827DA-CF0B-45D8-9338-81CD76488D1B}.Release|Any CPU.ActiveCfg = Release|Any CPU
		{8AD827DA-CF0B-45D8-9338-81CD76488D1B}.Release|Any CPU.Build.0 = Release|Any CPU
	EndGlobalSection
	GlobalSection(SolutionProperties) = preSolution
		HideSolutionNode = FALSE
	EndGlobalSection
	GlobalSection(ExtensibilityGlobals) = postSolution
		SolutionGuid = {8C70E1B3-9100-4DF8-B91D-C51D86794440}
	EndGlobalSection
EndGlobal
