
Microsoft Visual Studio Solution File, Format Version 12.00
# Visual Studio Version 17
VisualStudioVersion = 17.0.32126.317
MinimumVisualStudioVersion = 10.0.40219.1
Project("{FAE04EC0-301F-11D3-BF4B-00C04F79EFBC}") = "ExHandling2", "ExHandling2\ExHandling2.csproj", "{6427DD79-4271-412A-B766-4A9CD095B827}"
EndProject
Global
	GlobalSection(SolutionConfigurationPlatforms) = preSolution
		Debug|Any CPU = Debug|Any CPU
		Release|Any CPU = Release|Any CPU
	EndGlobalSection
	GlobalSection(ProjectConfigurationPlatforms) = postSolution
		{6427DD79-4271-412A-B766-4A9CD095B827}.Debug|Any CPU.ActiveCfg = Debug|Any CPU
		{6427DD79-4271-412A-B766-4A9CD095B827}.Debug|Any CPU.Build.0 = Debug|Any CPU
		{6427DD79-4271-412A-B766-4A9CD095B827}.Release|Any CPU.ActiveCfg = Release|Any CPU
		{6427DD79-4271-412A-B766-4A9CD095B827}.Release|Any CPU.Build.0 = Release|Any CPU
	EndGlobalSection
	GlobalSection(SolutionProperties) = preSolution
		HideSolutionNode = FALSE
	EndGlobalSection
	GlobalSection(ExtensibilityGlobals) = postSolution
		SolutionGuid = {7D7FD562-1612-4E09-B002-902320C2746D}
	EndGlobalSection
EndGlobal
