
Microsoft Visual Studio Solution File, Format Version 12.00
# Visual Studio Version 17
VisualStudioVersion = 17.0.32126.317
MinimumVisualStudioVersion = 10.0.40219.1
Project("{FAE04EC0-301F-11D3-BF4B-00C04F79EFBC}") = "DelegateArray", "DelegateArray\DelegateArray.csproj", "{24E09219-E51E-45B3-937A-5734B1E7376C}"
EndProject
Global
	GlobalSection(SolutionConfigurationPlatforms) = preSolution
		Debug|Any CPU = Debug|Any CPU
		Release|Any CPU = Release|Any CPU
	EndGlobalSection
	GlobalSection(ProjectConfigurationPlatforms) = postSolution
		{24E09219-E51E-45B3-937A-5734B1E7376C}.Debug|Any CPU.ActiveCfg = Debug|Any CPU
		{24E09219-E51E-45B3-937A-5734B1E7376C}.Debug|Any CPU.Build.0 = Debug|Any CPU
		{24E09219-E51E-45B3-937A-5734B1E7376C}.Release|Any CPU.ActiveCfg = Release|Any CPU
		{24E09219-E51E-45B3-937A-5734B1E7376C}.Release|Any CPU.Build.0 = Release|Any CPU
	EndGlobalSection
	GlobalSection(SolutionProperties) = preSolution
		HideSolutionNode = FALSE
	EndGlobalSection
	GlobalSection(ExtensibilityGlobals) = postSolution
		SolutionGuid = {DE1BDB47-8D9B-45CE-95C6-6E6DA58EC42E}
	EndGlobalSection
EndGlobal
