
Microsoft Visual Studio Solution File, Format Version 12.00
# Visual Studio Version 17
VisualStudioVersion = 17.0.32126.317
MinimumVisualStudioVersion = 10.0.40219.1
Project("{FAE04EC0-301F-11D3-BF4B-00C04F79EFBC}") = "AddOperation", "AddOperation\AddOperation.csproj", "{D44BEA2B-ED19-4CD6-BB3D-6E7141E2E014}"
EndProject
Global
	GlobalSection(SolutionConfigurationPlatforms) = preSolution
		Debug|Any CPU = Debug|Any CPU
		Release|Any CPU = Release|Any CPU
	EndGlobalSection
	GlobalSection(ProjectConfigurationPlatforms) = postSolution
		{D44BEA2B-ED19-4CD6-BB3D-6E7141E2E014}.Debug|Any CPU.ActiveCfg = Debug|Any CPU
		{D44BEA2B-ED19-4CD6-BB3D-6E7141E2E014}.Debug|Any CPU.Build.0 = Debug|Any CPU
		{D44BEA2B-ED19-4CD6-BB3D-6E7141E2E014}.Release|Any CPU.ActiveCfg = Release|Any CPU
		{D44BEA2B-ED19-4CD6-BB3D-6E7141E2E014}.Release|Any CPU.Build.0 = Release|Any CPU
	EndGlobalSection
	GlobalSection(SolutionProperties) = preSolution
		HideSolutionNode = FALSE
	EndGlobalSection
	GlobalSection(ExtensibilityGlobals) = postSolution
		SolutionGuid = {B4FBC97D-F466-46B0-911D-01233F007EDD}
	EndGlobalSection
EndGlobal
