
Microsoft Visual Studio Solution File, Format Version 12.00
# Visual Studio Version 17
VisualStudioVersion = 17.0.32126.317
MinimumVisualStudioVersion = 10.0.40219.1
Project("{FAE04EC0-301F-11D3-BF4B-00C04F79EFBC}") = "VarEx2", "VarEx2\VarEx2.csproj", "{9303502A-1A4C-46FD-A772-7B3B52F8E07C}"
EndProject
Global
	GlobalSection(SolutionConfigurationPlatforms) = preSolution
		Debug|Any CPU = Debug|Any CPU
		Release|Any CPU = Release|Any CPU
	EndGlobalSection
	GlobalSection(ProjectConfigurationPlatforms) = postSolution
		{9303502A-1A4C-46FD-A772-7B3B52F8E07C}.Debug|Any CPU.ActiveCfg = Debug|Any CPU
		{9303502A-1A4C-46FD-A772-7B3B52F8E07C}.Debug|Any CPU.Build.0 = Debug|Any CPU
		{9303502A-1A4C-46FD-A772-7B3B52F8E07C}.Release|Any CPU.ActiveCfg = Release|Any CPU
		{9303502A-1A4C-46FD-A772-7B3B52F8E07C}.Release|Any CPU.Build.0 = Release|Any CPU
	EndGlobalSection
	GlobalSection(SolutionProperties) = preSolution
		HideSolutionNode = FALSE
	EndGlobalSection
	GlobalSection(ExtensibilityGlobals) = postSolution
		SolutionGuid = {0CDFDD0A-98B4-4F51-9F9D-D8B810A88F1A}
	EndGlobalSection
EndGlobal
