
Microsoft Visual Studio Solution File, Format Version 12.00
# Visual Studio Version 17
VisualStudioVersion = 17.0.32126.317
MinimumVisualStudioVersion = 10.0.40219.1
Project("{FAE04EC0-301F-11D3-BF4B-00C04F79EFBC}") = "TimeZone", "TimeZone\TimeZone.csproj", "{5F879D59-EBCD-4E3F-ADEC-54DC816B4008}"
EndProject
Global
	GlobalSection(SolutionConfigurationPlatforms) = preSolution
		Debug|Any CPU = Debug|Any CPU
		Release|Any CPU = Release|Any CPU
	EndGlobalSection
	GlobalSection(ProjectConfigurationPlatforms) = postSolution
		{5F879D59-EBCD-4E3F-ADEC-54DC816B4008}.Debug|Any CPU.ActiveCfg = Debug|Any CPU
		{5F879D59-EBCD-4E3F-ADEC-54DC816B4008}.Debug|Any CPU.Build.0 = Debug|Any CPU
		{5F879D59-EBCD-4E3F-ADEC-54DC816B4008}.Release|Any CPU.ActiveCfg = Release|Any CPU
		{5F879D59-EBCD-4E3F-ADEC-54DC816B4008}.Release|Any CPU.Build.0 = Release|Any CPU
	EndGlobalSection
	GlobalSection(SolutionProperties) = preSolution
		HideSolutionNode = FALSE
	EndGlobalSection
	GlobalSection(ExtensibilityGlobals) = postSolution
		SolutionGuid = {8AB982E6-AD41-4D96-A5E6-6BB2FA65B789}
	EndGlobalSection
EndGlobal
